
Microsoft Visual Studio Solution File, Format Version 12.00
# Visual Studio Version 17
VisualStudioVersion = 17.6.33801.468
MinimumVisualStudioVersion = 10.0.40219.1
Project("{9A19103F-16F7-4668-BE54-9A1E7A4F7556}") = "SourceGenerator.Incremental.ConsoleApp", "SourceGenerator.Incremental.ConsoleApp\SourceGenerator.Incremental.ConsoleApp.csproj", "{AED42CB8-1DEC-4B5E-ACE1-D433BDE2D715}"
EndProject
Project("{9A19103F-16F7-4668-BE54-9A1E7A4F7556}") = "SourceGenerator.Incremental.Gen", "SourceGenerator.Incremental.Gen\SourceGenerator.Incremental.Gen.csproj", "{3DAE3698-E84B-4C0D-AD44-1C9DE969B261}"
EndProject
Project("{FAE04EC0-301F-11D3-BF4B-00C04F79EFBC}") = "SourceGenerator.Incremental.Gen.Tests", "SourceGenerator.Incremental.Gen.Tests\SourceGenerator.Incremental.Gen.Tests.csproj", "{39952B70-8468-40B0-9D1F-9563D71A5186}"
EndProject
Global
	GlobalSection(SolutionConfigurationPlatforms) = preSolution
		Debug|Any CPU = Debug|Any CPU
		Release|Any CPU = Release|Any CPU
	EndGlobalSection
	GlobalSection(ProjectConfigurationPlatforms) = postSolution
		{AED42CB8-1DEC-4B5E-ACE1-D433BDE2D715}.Debug|Any CPU.ActiveCfg = Debug|Any CPU
		{AED42CB8-1DEC-4B5E-ACE1-D433BDE2D715}.Debug|Any CPU.Build.0 = Debug|Any CPU
		{AED42CB8-1DEC-4B5E-ACE1-D433BDE2D715}.Release|Any CPU.ActiveCfg = Release|Any CPU
		{AED42CB8-1DEC-4B5E-ACE1-D433BDE2D715}.Release|Any CPU.Build.0 = Release|Any CPU
		{3DAE3698-E84B-4C0D-AD44-1C9DE969B261}.Debug|Any CPU.ActiveCfg = Debug|Any CPU
		{3DAE3698-E84B-4C0D-AD44-1C9DE969B261}.Debug|Any CPU.Build.0 = Debug|Any CPU
		{3DAE3698-E84B-4C0D-AD44-1C9DE969B261}.Release|Any CPU.ActiveCfg = Release|Any CPU
		{3DAE3698-E84B-4C0D-AD44-1C9DE969B261}.Release|Any CPU.Build.0 = Release|Any CPU
		{39952B70-8468-40B0-9D1F-9563D71A5186}.Debug|Any CPU.ActiveCfg = Debug|Any CPU
		{39952B70-8468-40B0-9D1F-9563D71A5186}.Debug|Any CPU.Build.0 = Debug|Any CPU
		{39952B70-8468-40B0-9D1F-9563D71A5186}.Release|Any CPU.ActiveCfg = Release|Any CPU
		{39952B70-8468-40B0-9D1F-9563D71A5186}.Release|Any CPU.Build.0 = Release|Any CPU
	EndGlobalSection
	GlobalSection(SolutionProperties) = preSolution
		HideSolutionNode = FALSE
	EndGlobalSection
	GlobalSection(ExtensibilityGlobals) = postSolution
		SolutionGuid = {14E80191-DF02-44A0-A0AB-4FB26157C156}
	EndGlobalSection
EndGlobal
